
Microsoft Visual Studio Solution File, Format Version 12.00
# Visual Studio Version 16
VisualStudioVersion = 16.0.30114.105
MinimumVisualStudioVersion = 10.0.40219.1
Project("{FAE04EC0-301F-11D3-BF4B-00C04F79EFBC}") = "CloudCustomers.API", "CloudCustomers.API\CloudCustomers.API.csproj", "{4BD9CA8B-5C8A-43BB-AFEF-C00F9BAC1C49}"
EndProject
Project("{FAE04EC0-301F-11D3-BF4B-00C04F79EFBC}") = "CloudCustomers.UnitTests", "CloudCustomers.UnitTests\CloudCustomers.UnitTests.csproj", "{2691AB28-4996-4888-B9FC-B9BC2383F377}"
EndProject
Global
	GlobalSection(SolutionConfigurationPlatforms) = preSolution
		Debug|Any CPU = Debug|Any CPU
		Release|Any CPU = Release|Any CPU
	EndGlobalSection
	GlobalSection(SolutionProperties) = preSolution
		HideSolutionNode = FALSE
	EndGlobalSection
	GlobalSection(ProjectConfigurationPlatforms) = postSolution
		{4BD9CA8B-5C8A-43BB-AFEF-C00F9BAC1C49}.Debug|Any CPU.ActiveCfg = Debug|Any CPU
		{4BD9CA8B-5C8A-43BB-AFEF-C00F9BAC1C49}.Debug|Any CPU.Build.0 = Debug|Any CPU
		{4BD9CA8B-5C8A-43BB-AFEF-C00F9BAC1C49}.Release|Any CPU.ActiveCfg = Release|Any CPU
		{4BD9CA8B-5C8A-43BB-AFEF-C00F9BAC1C49}.Release|Any CPU.Build.0 = Release|Any CPU
		{2691AB28-4996-4888-B9FC-B9BC2383F377}.Debug|Any CPU.ActiveCfg = Debug|Any CPU
		{2691AB28-4996-4888-B9FC-B9BC2383F377}.Debug|Any CPU.Build.0 = Debug|Any CPU
		{2691AB28-4996-4888-B9FC-B9BC2383F377}.Release|Any CPU.ActiveCfg = Release|Any CPU
		{2691AB28-4996-4888-B9FC-B9BC2383F377}.Release|Any CPU.Build.0 = Release|Any CPU
	EndGlobalSection
EndGlobal
